{"filter":false,"title":"package-lock.json","tooltip":"/resources/codebase_partner/package-lock.json","undoManager":{"mark":-1,"position":-1,"stack":[]},"ace":{"folds":[],"scrolltop":7065.500036621094,"scrollleft":0,"selection":{"start":{"row":0,"column":0},"end":{"row":0,"column":0},"isBackwards":false},"options":{"guessTabSize":true,"useWrapMode":false,"wrapToView":true},"firstLineState":{"row":587,"state":"start","mode":"ace/mode/json"}},"timestamp":1696822235255,"hash":"f24ce18b8aabbf02f6ff3b3241d3049a10b55ab5"}